
Microsoft Visual Studio Solution File, Format Version 12.00
# Visual Studio Version 17
VisualStudioVersion = 17.10.35004.147
MinimumVisualStudioVersion = 10.0.40219.1
Project("{FAE04EC0-301F-11D3-BF4B-00C04F79EFBC}") = "WpfApp2", "WpfApp2\WpfApp2.csproj", "{410FB872-2458-4281-BF44-D3CD664A5D3C}"
EndProject
Global
	GlobalSection(SolutionConfigurationPlatforms) = preSolution
		Debug|Any CPU = Debug|Any CPU
		Release|Any CPU = Release|Any CPU
	EndGlobalSection
	GlobalSection(ProjectConfigurationPlatforms) = postSolution
		{410FB872-2458-4281-BF44-D3CD664A5D3C}.Debug|Any CPU.ActiveCfg = Debug|Any CPU
		{410FB872-2458-4281-BF44-D3CD664A5D3C}.Debug|Any CPU.Build.0 = Debug|Any CPU
		{410FB872-2458-4281-BF44-D3CD664A5D3C}.Release|Any CPU.ActiveCfg = Release|Any CPU
		{410FB872-2458-4281-BF44-D3CD664A5D3C}.Release|Any CPU.Build.0 = Release|Any CPU
	EndGlobalSection
	GlobalSection(SolutionProperties) = preSolution
		HideSolutionNode = FALSE
	EndGlobalSection
	GlobalSection(ExtensibilityGlobals) = postSolution
		SolutionGuid = {1BFA0C98-80E5-419C-BBB8-F4E5D33552F2}
	EndGlobalSection
EndGlobal
